
Microsoft Visual Studio Solution File, Format Version 12.00
# Visual Studio Version 16
VisualStudioVersion = 16.0.30804.86
MinimumVisualStudioVersion = 10.0.40219.1
Project("{9A19103F-16F7-4668-BE54-9A1E7A4F7556}") = "SplayTree", "SplayTree\SplayTree.csproj", "{28B7A6EF-A68F-4616-B302-B2DE6121B643}"
EndProject
Project("{9A19103F-16F7-4668-BE54-9A1E7A4F7556}") = "SplayTree.Test", "SplayTree.Test\SplayTree.Test.csproj", "{A2BEAD40-82E8-4750-8C14-2E965C871658}"
EndProject
Global
	GlobalSection(SolutionConfigurationPlatforms) = preSolution
		Debug|Any CPU = Debug|Any CPU
		Release|Any CPU = Release|Any CPU
	EndGlobalSection
	GlobalSection(ProjectConfigurationPlatforms) = postSolution
		{28B7A6EF-A68F-4616-B302-B2DE6121B643}.Debug|Any CPU.ActiveCfg = Debug|Any CPU
		{28B7A6EF-A68F-4616-B302-B2DE6121B643}.Debug|Any CPU.Build.0 = Debug|Any CPU
		{28B7A6EF-A68F-4616-B302-B2DE6121B643}.Release|Any CPU.ActiveCfg = Release|Any CPU
		{28B7A6EF-A68F-4616-B302-B2DE6121B643}.Release|Any CPU.Build.0 = Release|Any CPU
		{A2BEAD40-82E8-4750-8C14-2E965C871658}.Debug|Any CPU.ActiveCfg = Debug|Any CPU
		{A2BEAD40-82E8-4750-8C14-2E965C871658}.Debug|Any CPU.Build.0 = Debug|Any CPU
		{A2BEAD40-82E8-4750-8C14-2E965C871658}.Release|Any CPU.ActiveCfg = Release|Any CPU
		{A2BEAD40-82E8-4750-8C14-2E965C871658}.Release|Any CPU.Build.0 = Release|Any CPU
	EndGlobalSection
	GlobalSection(SolutionProperties) = preSolution
		HideSolutionNode = FALSE
	EndGlobalSection
	GlobalSection(ExtensibilityGlobals) = postSolution
		SolutionGuid = {0EB71997-33DA-4B65-B735-C891F91F8823}
	EndGlobalSection
EndGlobal
